
Microsoft Visual Studio Solution File, Format Version 12.00
# Visual Studio Version 17
VisualStudioVersion = 17.3.32811.315
MinimumVisualStudioVersion = 10.0.40219.1
Project("{9A19103F-16F7-4668-BE54-9A1E7A4F7556}") = "Calculator", "Calculator\Calculator.csproj", "{2D3FF2FF-8B22-4DFE-87D0-A8BB3C68A883}"
EndProject
Project("{FAE04EC0-301F-11D3-BF4B-00C04F79EFBC}") = "InteractiveCalculator", "InteractiveCalculator\InteractiveCalculator\InteractiveCalculator.csproj", "{5E37CB8D-9088-401E-AA97-350AB158153E}"
EndProject
Global
	GlobalSection(SolutionConfigurationPlatforms) = preSolution
		Debug|Any CPU = Debug|Any CPU
		Release|Any CPU = Release|Any CPU
	EndGlobalSection
	GlobalSection(ProjectConfigurationPlatforms) = postSolution
		{2D3FF2FF-8B22-4DFE-87D0-A8BB3C68A883}.Debug|Any CPU.ActiveCfg = Debug|Any CPU
		{2D3FF2FF-8B22-4DFE-87D0-A8BB3C68A883}.Debug|Any CPU.Build.0 = Debug|Any CPU
		{2D3FF2FF-8B22-4DFE-87D0-A8BB3C68A883}.Release|Any CPU.ActiveCfg = Release|Any CPU
		{2D3FF2FF-8B22-4DFE-87D0-A8BB3C68A883}.Release|Any CPU.Build.0 = Release|Any CPU
		{5E37CB8D-9088-401E-AA97-350AB158153E}.Debug|Any CPU.ActiveCfg = Debug|Any CPU
		{5E37CB8D-9088-401E-AA97-350AB158153E}.Debug|Any CPU.Build.0 = Debug|Any CPU
		{5E37CB8D-9088-401E-AA97-350AB158153E}.Release|Any CPU.ActiveCfg = Release|Any CPU
		{5E37CB8D-9088-401E-AA97-350AB158153E}.Release|Any CPU.Build.0 = Release|Any CPU
	EndGlobalSection
	GlobalSection(SolutionProperties) = preSolution
		HideSolutionNode = FALSE
	EndGlobalSection
	GlobalSection(ExtensibilityGlobals) = postSolution
		SolutionGuid = {7243584B-8D10-4492-935F-F827A843682E}
	EndGlobalSection
EndGlobal
